
Microsoft Visual Studio Solution File, Format Version 12.00
# Visual Studio Version 17
VisualStudioVersion = 17.5.002.0
MinimumVisualStudioVersion = 10.0.40219.1
Project("{9A19103F-16F7-4668-BE54-9A1E7A4F7556}") = "webapp2", "webapp2.csproj", "{257C6170-BB5E-43A4-AF5B-F13B9595617E}"
EndProject
Global
	GlobalSection(SolutionConfigurationPlatforms) = preSolution
		Debug|Any CPU = Debug|Any CPU
		Release|Any CPU = Release|Any CPU
	EndGlobalSection
	GlobalSection(ProjectConfigurationPlatforms) = postSolution
		{257C6170-BB5E-43A4-AF5B-F13B9595617E}.Debug|Any CPU.ActiveCfg = Debug|Any CPU
		{257C6170-BB5E-43A4-AF5B-F13B9595617E}.Debug|Any CPU.Build.0 = Debug|Any CPU
		{257C6170-BB5E-43A4-AF5B-F13B9595617E}.Release|Any CPU.ActiveCfg = Release|Any CPU
		{257C6170-BB5E-43A4-AF5B-F13B9595617E}.Release|Any CPU.Build.0 = Release|Any CPU
	EndGlobalSection
	GlobalSection(SolutionProperties) = preSolution
		HideSolutionNode = FALSE
	EndGlobalSection
	GlobalSection(ExtensibilityGlobals) = postSolution
		SolutionGuid = {00D8FD83-F64B-4B75-B868-35B338C197E8}
	EndGlobalSection
EndGlobal
